// !$*UTF8*$!
{
	archiveVersion = 1;
	classes = {
	};
	objectVersion = 50;
	objects = {

/* Begin PBXBuildFile section */
		F4033AD0248AB5FC00C05C6B /* DetailTextInputTableViewCell.swift in Sources */ = {isa = PBXBuildFile; fileRef = F4033ACF248AB5FC00C05C6B /* DetailTextInputTableViewCell.swift */; };
		F41C559224A3A14000090D4C /* triangleSolver.swift in Sources */ = {isa = PBXBuildFile; fileRef = F41C559124A3A14000090D4C /* triangleSolver.swift */; };
		F429560B2489839100A04645 /* AppDelegate.swift in Sources */ = {isa = PBXBuildFile; fileRef = F429560A2489839100A04645 /* AppDelegate.swift */; };
		F429560D2489839100A04645 /* SceneDelegate.swift in Sources */ = {isa = PBXBuildFile; fileRef = F429560C2489839100A04645 /* SceneDelegate.swift */; };
		F429560F2489839100A04645 /* FirstViewController.swift in Sources */ = {isa = PBXBuildFile; fileRef = F429560E2489839100A04645 /* FirstViewController.swift */; };
		F42956112489839100A04645 /* SecondViewController.swift in Sources */ = {isa = PBXBuildFile; fileRef = F42956102489839100A04645 /* SecondViewController.swift */; };
		F42956142489839100A04645 /* Main.storyboard in Resources */ = {isa = PBXBuildFile; fileRef = F42956122489839100A04645 /* Main.storyboard */; };
		F42956172489839100A04645 /* Geometry_calculator.xcdatamodeld in Sources */ = {isa = PBXBuildFile; fileRef = F42956152489839100A04645 /* Geometry_calculator.xcdatamodeld */; };
		F42956192489839300A04645 /* Assets.xcassets in Resources */ = {isa = PBXBuildFile; fileRef = F42956182489839300A04645 /* Assets.xcassets */; };
		F429561C2489839300A04645 /* LaunchScreen.storyboard in Resources */ = {isa = PBXBuildFile; fileRef = F429561A2489839300A04645 /* LaunchScreen.storyboard */; };
		F42956272489839300A04645 /* Geometry_calculatorTests.swift in Sources */ = {isa = PBXBuildFile; fileRef = F42956262489839300A04645 /* Geometry_calculatorTests.swift */; };
		F42956322489839300A04645 /* Geometry_calculatorUITests.swift in Sources */ = {isa = PBXBuildFile; fileRef = F42956312489839300A04645 /* Geometry_calculatorUITests.swift */; };
		F42956422489C8F500A04645 /* DetailViewController.swift in Sources */ = {isa = PBXBuildFile; fileRef = F42956412489C8F500A04645 /* DetailViewController.swift */; };
		F4589AA9248EB2E00031723C /* Polynomial.swift in Sources */ = {isa = PBXBuildFile; fileRef = F4589AA8248EB2E00031723C /* Polynomial.swift */; };
		F49C99BA2493E6E8007FC86F /* SettingsTableController.swift in Sources */ = {isa = PBXBuildFile; fileRef = F49C99B92493E6E8007FC86F /* SettingsTableController.swift */; };
		F4DE8D7A248B473E000DDDAE /* CalculationCenter.swift in Sources */ = {isa = PBXBuildFile; fileRef = F4DE8D79248B473E000DDDAE /* CalculationCenter.swift */; };
		F4F80F9925251ED0002D24BF /* AppInformationViewController.swift in Sources */ = {isa = PBXBuildFile; fileRef = F4F80F9825251ED0002D24BF /* AppInformationViewController.swift */; };
/* End PBXBuildFile section */

/* Begin PBXContainerItemProxy section */
		F42956232489839300A04645 /* PBXContainerItemProxy */ = {
			isa = PBXContainerItemProxy;
			containerPortal = F42955FF2489839100A04645 /* Project object */;
			proxyType = 1;
			remoteGlobalIDString = F42956062489839100A04645;
			remoteInfo = "Geometry calculator";
		};
		F429562E2489839300A04645 /* PBXContainerItemProxy */ = {
			isa = PBXContainerItemProxy;
			containerPortal = F42955FF2489839100A04645 /* Project object */;
			proxyType = 1;
			remoteGlobalIDString = F42956062489839100A04645;
			remoteInfo = "Geometry calculator";
		};
/* End PBXContainerItemProxy section */

/* Begin PBXFileReference section */
		F4033ACF248AB5FC00C05C6B /* DetailTextInputTableViewCell.swift */ = {isa = PBXFileReference; lastKnownFileType = sourcecode.swift; path = DetailTextInputTableViewCell.swift; sourceTree = "<group>"; };
		F41C559124A3A14000090D4C /* triangleSolver.swift */ = {isa = PBXFileReference; lastKnownFileType = sourcecode.swift; path = triangleSolver.swift; sourceTree = "<group>"; };
		F42956072489839100A04645 /* Geometry calculator.app */ = {isa = PBXFileReference; explicitFileType = wrapper.application; includeInIndex = 0; path = "Geometry calculator.app"; sourceTree = BUILT_PRODUCTS_DIR; };
		F429560A2489839100A04645 /* AppDelegate.swift */ = {isa = PBXFileReference; lastKnownFileType = sourcecode.swift; path = AppDelegate.swift; sourceTree = "<group>"; };
		F429560C2489839100A04645 /* SceneDelegate.swift */ = {isa = PBXFileReference; lastKnownFileType = sourcecode.swift; path = SceneDelegate.swift; sourceTree = "<group>"; };
		F429560E2489839100A04645 /* FirstViewController.swift */ = {isa = PBXFileReference; lastKnownFileType = sourcecode.swift; path = FirstViewController.swift; sourceTree = "<group>"; };
		F42956102489839100A04645 /* SecondViewController.swift */ = {isa = PBXFileReference; lastKnownFileType = sourcecode.swift; path = SecondViewController.swift; sourceTree = "<group>"; };
		F42956132489839100A04645 /* Base */ = {isa = PBXFileReference; lastKnownFileType = file.storyboard; name = Base; path = Base.lproj/Main.storyboard; sourceTree = "<group>"; };
		F42956162489839100A04645 /* Geometry_calculator.xcdatamodel */ = {isa = PBXFileReference; lastKnownFileType = wrapper.xcdatamodel; path = Geometry_calculator.xcdatamodel; sourceTree = "<group>"; };
		F42956182489839300A04645 /* Assets.xcassets */ = {isa = PBXFileReference; lastKnownFileType = folder.assetcatalog; path = Assets.xcassets; sourceTree = "<group>"; };
		F429561B2489839300A04645 /* Base */ = {isa = PBXFileReference; lastKnownFileType = file.storyboard; name = Base; path = Base.lproj/LaunchScreen.storyboard; sourceTree = "<group>"; };
		F429561D2489839300A04645 /* Info.plist */ = {isa = PBXFileReference; lastKnownFileType = text.plist.xml; path = Info.plist; sourceTree = "<group>"; };
		F42956222489839300A04645 /* Geometry calculatorTests.xctest */ = {isa = PBXFileReference; explicitFileType = wrapper.cfbundle; includeInIndex = 0; path = "Geometry calculatorTests.xctest"; sourceTree = BUILT_PRODUCTS_DIR; };
		F42956262489839300A04645 /* Geometry_calculatorTests.swift */ = {isa = PBXFileReference; lastKnownFileType = sourcecode.swift; path = Geometry_calculatorTests.swift; sourceTree = "<group>"; };
		F42956282489839300A04645 /* Info.plist */ = {isa = PBXFileReference; lastKnownFileType = text.plist.xml; path = Info.plist; sourceTree = "<group>"; };
		F429562D2489839300A04645 /* Geometry calculatorUITests.xctest */ = {isa = PBXFileReference; explicitFileType = wrapper.cfbundle; includeInIndex = 0; path = "Geometry calculatorUITests.xctest"; sourceTree = BUILT_PRODUCTS_DIR; };
		F42956312489839300A04645 /* Geometry_calculatorUITests.swift */ = {isa = PBXFileReference; lastKnownFileType = sourcecode.swift; path = Geometry_calculatorUITests.swift; sourceTree = "<group>"; };
		F42956332489839300A04645 /* Info.plist */ = {isa = PBXFileReference; lastKnownFileType = text.plist.xml; path = Info.plist; sourceTree = "<group>"; };
		F42956412489C8F500A04645 /* DetailViewController.swift */ = {isa = PBXFileReference; lastKnownFileType = sourcecode.swift; path = DetailViewController.swift; sourceTree = "<group>"; };
		F4589AA8248EB2E00031723C /* Polynomial.swift */ = {isa = PBXFileReference; lastKnownFileType = sourcecode.swift; path = Polynomial.swift; sourceTree = "<group>"; };
		F49C99B92493E6E8007FC86F /* SettingsTableController.swift */ = {isa = PBXFileReference; lastKnownFileType = sourcecode.swift; path = SettingsTableController.swift; sourceTree = "<group>"; };
		F4D0534825D5FD00003F582C /* Geometry calculator.entitlements */ = {isa = PBXFileReference; lastKnownFileType = text.plist.entitlements; path = "Geometry calculator.entitlements"; sourceTree = "<group>"; };
		F4DE8D79248B473E000DDDAE /* CalculationCenter.swift */ = {isa = PBXFileReference; lastKnownFileType = sourcecode.swift; path = CalculationCenter.swift; sourceTree = "<group>"; };
		F4F80F9825251ED0002D24BF /* AppInformationViewController.swift */ = {isa = PBXFileReference; lastKnownFileType = sourcecode.swift; path = AppInformationViewController.swift; sourceTree = "<group>"; };
/* End PBXFileReference section */

/* Begin PBXFrameworksBuildPhase section */
		F42956042489839100A04645 /* Frameworks */ = {
			isa = PBXFrameworksBuildPhase;
			buildActionMask = 2147483647;
			files = (
			);
			runOnlyForDeploymentPostprocessing = 0;
		};
		F429561F2489839300A04645 /* Frameworks */ = {
			isa = PBXFrameworksBuildPhase;
			buildActionMask = 2147483647;
			files = (
			);
			runOnlyForDeploymentPostprocessing = 0;
		};
		F429562A2489839300A04645 /* Frameworks */ = {
			isa = PBXFrameworksBuildPhase;
			buildActionMask = 2147483647;
			files = (
			);
			runOnlyForDeploymentPostprocessing = 0;
		};
/* End PBXFrameworksBuildPhase section */

/* Begin PBXGroup section */
		F42955FE2489839100A04645 = {
			isa = PBXGroup;
			children = (
				F42956092489839100A04645 /* Geometry calculator */,
				F42956252489839300A04645 /* Geometry calculatorTests */,
				F42956302489839300A04645 /* Geometry calculatorUITests */,
				F42956082489839100A04645 /* Products */,
			);
			sourceTree = "<group>";
		};
		F42956082489839100A04645 /* Products */ = {
			isa = PBXGroup;
			children = (
				F42956072489839100A04645 /* Geometry calculator.app */,
				F42956222489839300A04645 /* Geometry calculatorTests.xctest */,
				F429562D2489839300A04645 /* Geometry calculatorUITests.xctest */,
			);
			name = Products;
			sourceTree = "<group>";
		};
		F42956092489839100A04645 /* Geometry calculator */ = {
			isa = PBXGroup;
			children = (
				F4D0534825D5FD00003F582C /* Geometry calculator.entitlements */,
				F429560C2489839100A04645 /* SceneDelegate.swift */,
				F429560E2489839100A04645 /* FirstViewController.swift */,
				F42956102489839100A04645 /* SecondViewController.swift */,
				F4033ACF248AB5FC00C05C6B /* DetailTextInputTableViewCell.swift */,
				F49C99B92493E6E8007FC86F /* SettingsTableController.swift */,
				F42956412489C8F500A04645 /* DetailViewController.swift */,
				F4F80F9825251ED0002D24BF /* AppInformationViewController.swift */,
				F429560A2489839100A04645 /* AppDelegate.swift */,
				F42956122489839100A04645 /* Main.storyboard */,
				F4DE8D79248B473E000DDDAE /* CalculationCenter.swift */,
				F4589AA8248EB2E00031723C /* Polynomial.swift */,
				F41C559124A3A14000090D4C /* triangleSolver.swift */,
				F42956182489839300A04645 /* Assets.xcassets */,
				F429561A2489839300A04645 /* LaunchScreen.storyboard */,
				F429561D2489839300A04645 /* Info.plist */,
				F42956152489839100A04645 /* Geometry_calculator.xcdatamodeld */,
			);
			path = "Geometry calculator";
			sourceTree = "<group>";
		};
		F42956252489839300A04645 /* Geometry calculatorTests */ = {
			isa = PBXGroup;
			children = (
				F42956262489839300A04645 /* Geometry_calculatorTests.swift */,
				F42956282489839300A04645 /* Info.plist */,
			);
			path = "Geometry calculatorTests";
			sourceTree = "<group>";
		};
		F42956302489839300A04645 /* Geometry calculatorUITests */ = {
			isa = PBXGroup;
			children = (
				F42956312489839300A04645 /* Geometry_calculatorUITests.swift */,
				F42956332489839300A04645 /* Info.plist */,
			);
			path = "Geometry calculatorUITests";
			sourceTree = "<group>";
		};
/* End PBXGroup section */

/* Begin PBXNativeTarget section */
		F42956062489839100A04645 /* Geometry calculator */ = {
			isa = PBXNativeTarget;
			buildConfigurationList = F42956362489839300A04645 /* Build configuration list for PBXNativeTarget "Geometry calculator" */;
			buildPhases = (
				F42956032489839100A04645 /* Sources */,
				F42956042489839100A04645 /* Frameworks */,
				F42956052489839100A04645 /* Resources */,
			);
			buildRules = (
			);
			dependencies = (
			);
			name = "Geometry calculator";
			productName = "Geometry calculator";
			productReference = F42956072489839100A04645 /* Geometry calculator.app */;
			productType = "com.apple.product-type.application";
		};
		F42956212489839300A04645 /* Geometry calculatorTests */ = {
			isa = PBXNativeTarget;
			buildConfigurationList = F42956392489839300A04645 /* Build configuration list for PBXNativeTarget "Geometry calculatorTests" */;
			buildPhases = (
				F429561E2489839300A04645 /* Sources */,
				F429561F2489839300A04645 /* Frameworks */,
				F42956202489839300A04645 /* Resources */,
			);
			buildRules = (
			);
			dependencies = (
				F42956242489839300A04645 /* PBXTargetDependency */,
			);
			name = "Geometry calculatorTests";
			productName = "Geometry calculatorTests";
			productReference = F42956222489839300A04645 /* Geometry calculatorTests.xctest */;
			productType = "com.apple.product-type.bundle.unit-test";
		};
		F429562C2489839300A04645 /* Geometry calculatorUITests */ = {
			isa = PBXNativeTarget;
			buildConfigurationList = F429563C2489839300A04645 /* Build configuration list for PBXNativeTarget "Geometry calculatorUITests" */;
			buildPhases = (
				F42956292489839300A04645 /* Sources */,
				F429562A2489839300A04645 /* Frameworks */,
				F429562B2489839300A04645 /* Resources */,
			);
			buildRules = (
			);
			dependencies = (
				F429562F2489839300A04645 /* PBXTargetDependency */,
			);
			name = "Geometry calculatorUITests";
			productName = "Geometry calculatorUITests";
			productReference = F429562D2489839300A04645 /* Geometry calculatorUITests.xctest */;
			productType = "com.apple.product-type.bundle.ui-testing";
		};
/* End PBXNativeTarget section */

/* Begin PBXProject section */
		F42955FF2489839100A04645 /* Project object */ = {
			isa = PBXProject;
			attributes = {
				LastSwiftUpdateCheck = 1150;
				LastUpgradeCheck = 1150;
				ORGANIZATIONNAME = "Kerry Zhou";
				TargetAttributes = {
					F42956062489839100A04645 = {
						CreatedOnToolsVersion = 11.5;
					};
					F42956212489839300A04645 = {
						CreatedOnToolsVersion = 11.5;
						TestTargetID = F42956062489839100A04645;
					};
					F429562C2489839300A04645 = {
						CreatedOnToolsVersion = 11.5;
						TestTargetID = F42956062489839100A04645;
					};
				};
			};
			buildConfigurationList = F42956022489839100A04645 /* Build configuration list for PBXProject "Geometry calculator" */;
			compatibilityVersion = "Xcode 9.3";
			developmentRegion = en;
			hasScannedForEncodings = 0;
			knownRegions = (
				en,
				Base,
			);
			mainGroup = F42955FE2489839100A04645;
			productRefGroup = F42956082489839100A04645 /* Products */;
			projectDirPath = "";
			projectRoot = "";
			targets = (
				F42956062489839100A04645 /* Geometry calculator */,
				F42956212489839300A04645 /* Geometry calculatorTests */,
				F429562C2489839300A04645 /* Geometry calculatorUITests */,
			);
		};
/* End PBXProject section */

/* Begin PBXResourcesBuildPhase section */
		F42956052489839100A04645 /* Resources */ = {
			isa = PBXResourcesBuildPhase;
			buildActionMask = 2147483647;
			files = (
				F429561C2489839300A04645 /* LaunchScreen.storyboard in Resources */,
				F42956192489839300A04645 /* Assets.xcassets in Resources */,
				F42956142489839100A04645 /* Main.storyboard in Resources */,
			);
			runOnlyForDeploymentPostprocessing = 0;
		};
		F42956202489839300A04645 /* Resources */ = {
			isa = PBXResourcesBuildPhase;
			buildActionMask = 2147483647;
			files = (
			);
			runOnlyForDeploymentPostprocessing = 0;
		};
		F429562B2489839300A04645 /* Resources */ = {
			isa = PBXResourcesBuildPhase;
			buildActionMask = 2147483647;
			files = (
			);
			runOnlyForDeploymentPostprocessing = 0;
		};
/* End PBXResourcesBuildPhase section */

/* Begin PBXSourcesBuildPhase section */
		F42956032489839100A04645 /* Sources */ = {
			isa = PBXSourcesBuildPhase;
			buildActionMask = 2147483647;
			files = (
				F42956172489839100A04645 /* Geometry_calculator.xcdatamodeld in Sources */,
				F4033AD0248AB5FC00C05C6B /* DetailTextInputTableViewCell.swift in Sources */,
				F4DE8D7A248B473E000DDDAE /* CalculationCenter.swift in Sources */,
				F4F80F9925251ED0002D24BF /* AppInformationViewController.swift in Sources */,
				F4589AA9248EB2E00031723C /* Polynomial.swift in Sources */,
				F42956112489839100A04645 /* SecondViewController.swift in Sources */,
				F41C559224A3A14000090D4C /* triangleSolver.swift in Sources */,
				F429560F2489839100A04645 /* FirstViewController.swift in Sources */,
				F42956422489C8F500A04645 /* DetailViewController.swift in Sources */,
				F429560B2489839100A04645 /* AppDelegate.swift in Sources */,
				F429560D2489839100A04645 /* SceneDelegate.swift in Sources */,
				F49C99BA2493E6E8007FC86F /* SettingsTableController.swift in Sources */,
			);
			runOnlyForDeploymentPostprocessing = 0;
		};
		F429561E2489839300A04645 /* Sources */ = {
			isa = PBXSourcesBuildPhase;
			buildActionMask = 2147483647;
			files = (
				F42956272489839300A04645 /* Geometry_calculatorTests.swift in Sources */,
			);
			runOnlyForDeploymentPostprocessing = 0;
		};
		F42956292489839300A04645 /* Sources */ = {
			isa = PBXSourcesBuildPhase;
			buildActionMask = 2147483647;
			files = (
				F42956322489839300A04645 /* Geometry_calculatorUITests.swift in Sources */,
			);
			runOnlyForDeploymentPostprocessing = 0;
		};
/* End PBXSourcesBuildPhase section */

/* Begin PBXTargetDependency section */
		F42956242489839300A04645 /* PBXTargetDependency */ = {
			isa = PBXTargetDependency;
			target = F42956062489839100A04645 /* Geometry calculator */;
			targetProxy = F42956232489839300A04645 /* PBXContainerItemProxy */;
		};
		F429562F2489839300A04645 /* PBXTargetDependency */ = {
			isa = PBXTargetDependency;
			target = F42956062489839100A04645 /* Geometry calculator */;
			targetProxy = F429562E2489839300A04645 /* PBXContainerItemProxy */;
		};
/* End PBXTargetDependency section */

/* Begin PBXVariantGroup section */
		F42956122489839100A04645 /* Main.storyboard */ = {
			isa = PBXVariantGroup;
			children = (
				F42956132489839100A04645 /* Base */,
			);
			name = Main.storyboard;
			sourceTree = "<group>";
		};
		F429561A2489839300A04645 /* LaunchScreen.storyboard */ = {
			isa = PBXVariantGroup;
			children = (
				F429561B2489839300A04645 /* Base */,
			);
			name = LaunchScreen.storyboard;
			sourceTree = "<group>";
		};
/* End PBXVariantGroup section */

/* Begin XCBuildConfiguration section */
		F42956342489839300A04645 /* Debug */ = {
			isa = XCBuildConfiguration;
			buildSettings = {
				ALWAYS_SEARCH_USER_PATHS = NO;
				CLANG_ANALYZER_NONNULL = YES;
				CLANG_ANALYZER_NUMBER_OBJECT_CONVERSION = YES_AGGRESSIVE;
				CLANG_CXX_LANGUAGE_STANDARD = "gnu++14";
				CLANG_CXX_LIBRARY = "libc++";
				CLANG_ENABLE_MODULES = YES;
				CLANG_ENABLE_OBJC_ARC = YES;
				CLANG_ENABLE_OBJC_WEAK = YES;
				CLANG_WARN_BLOCK_CAPTURE_AUTORELEASING = YES;
				CLANG_WARN_BOOL_CONVERSION = YES;
				CLANG_WARN_COMMA = YES;
				CLANG_WARN_CONSTANT_CONVERSION = YES;
				CLANG_WARN_DEPRECATED_OBJC_IMPLEMENTATIONS = YES;
				CLANG_WARN_DIRECT_OBJC_ISA_USAGE = YES_ERROR;
				CLANG_WARN_DOCUMENTATION_COMMENTS = YES;
				CLANG_WARN_EMPTY_BODY = YES;
				CLANG_WARN_ENUM_CONVERSION = YES;
				CLANG_WARN_INFINITE_RECURSION = YES;
				CLANG_WARN_INT_CONVERSION = YES;
				CLANG_WARN_NON_LITERAL_NULL_CONVERSION = YES;
				CLANG_WARN_OBJC_IMPLICIT_RETAIN_SELF = YES;
				CLANG_WARN_OBJC_LITERAL_CONVERSION = YES;
				CLANG_WARN_OBJC_ROOT_CLASS = YES_ERROR;
				CLANG_WARN_RANGE_LOOP_ANALYSIS = YES;
				CLANG_WARN_STRICT_PROTOTYPES = YES;
				CLANG_WARN_SUSPICIOUS_MOVE = YES;
				CLANG_WARN_UNGUARDED_AVAILABILITY = YES_AGGRESSIVE;
				CLANG_WARN_UNREACHABLE_CODE = YES;
				CLANG_WARN__DUPLICATE_METHOD_MATCH = YES;
				COPY_PHASE_STRIP = NO;
				DEBUG_INFORMATION_FORMAT = dwarf;
				ENABLE_STRICT_OBJC_MSGSEND = YES;
				ENABLE_TESTABILITY = YES;
				GCC_C_LANGUAGE_STANDARD = gnu11;
				GCC_DYNAMIC_NO_PIC = NO;
				GCC_NO_COMMON_BLOCKS = YES;
				GCC_OPTIMIZATION_LEVEL = 0;
				GCC_PREPROCESSOR_DEFINITIONS = (
					"DEBUG=1",
					"$(inherited)",
				);
				GCC_WARN_64_TO_32_BIT_CONVERSION = YES;
				GCC_WARN_ABOUT_RETURN_TYPE = YES_ERROR;
				GCC_WARN_UNDECLARED_SELECTOR = YES;
				GCC_WARN_UNINITIALIZED_AUTOS = YES_AGGRESSIVE;
				GCC_WARN_UNUSED_FUNCTION = YES;
				GCC_WARN_UNUSED_VARIABLE = YES;
				IPHONEOS_DEPLOYMENT_TARGET = 13.0;
				MTL_ENABLE_DEBUG_INFO = INCLUDE_SOURCE;
				MTL_FAST_MATH = YES;
				ONLY_ACTIVE_ARCH = YES;
				SDKROOT = iphoneos;
				SWIFT_ACTIVE_COMPILATION_CONDITIONS = DEBUG;
				SWIFT_OPTIMIZATION_LEVEL = "-Onone";
			};
			name = Debug;
		};
		F42956352489839300A04645 /* Release */ = {
			isa = XCBuildConfiguration;
			buildSettings = {
				ALWAYS_SEARCH_USER_PATHS = NO;
				CLANG_ANALYZER_NONNULL = YES;
				CLANG_ANALYZER_NUMBER_OBJECT_CONVERSION = YES_AGGRESSIVE;
				CLANG_CXX_LANGUAGE_STANDARD = "gnu++14";
				CLANG_CXX_LIBRARY = "libc++";
				CLANG_ENABLE_MODULES = YES;
				CLANG_ENABLE_OBJC_ARC = YES;
				CLANG_ENABLE_OBJC_WEAK = YES;
				CLANG_WARN_BLOCK_CAPTURE_AUTORELEASING = YES;
				CLANG_WARN_BOOL_CONVERSION = YES;
				CLANG_WARN_COMMA = YES;
				CLANG_WARN_CONSTANT_CONVERSION = YES;
				CLANG_WARN_DEPRECATED_OBJC_IMPLEMENTATIONS = YES;
				CLANG_WARN_DIRECT_OBJC_ISA_USAGE = YES_ERROR;
				CLANG_WARN_DOCUMENTATION_COMMENTS = YES;
				CLANG_WARN_EMPTY_BODY = YES;
				CLANG_WARN_ENUM_CONVERSION = YES;
				CLANG_WARN_INFINITE_RECURSION = YES;
				CLANG_WARN_INT_CONVERSION = YES;
				CLANG_WARN_NON_LITERAL_NULL_CONVERSION = YES;
				CLANG_WARN_OBJC_IMPLICIT_RETAIN_SELF = YES;
				CLANG_WARN_OBJC_LITERAL_CONVERSION = YES;
				CLANG_WARN_OBJC_ROOT_CLASS = YES_ERROR;
				CLANG_WARN_RANGE_LOOP_ANALYSIS = YES;
				CLANG_WARN_STRICT_PROTOTYPES = YES;
				CLANG_WARN_SUSPICIOUS_MOVE = YES;
				CLANG_WARN_UNGUARDED_AVAILABILITY = YES_AGGRESSIVE;
				CLANG_WARN_UNREACHABLE_CODE = YES;
				CLANG_WARN__DUPLICATE_METHOD_MATCH = YES;
				COPY_PHASE_STRIP = NO;
				DEBUG_INFORMATION_FORMAT = "dwarf-with-dsym";
				ENABLE_NS_ASSERTIONS = NO;
				ENABLE_STRICT_OBJC_MSGSEND = YES;
				GCC_C_LANGUAGE_STANDARD = gnu11;
				GCC_NO_COMMON_BLOCKS = YES;
				GCC_WARN_64_TO_32_BIT_CONVERSION = YES;
				GCC_WARN_ABOUT_RETURN_TYPE = YES_ERROR;
				GCC_WARN_UNDECLARED_SELECTOR = YES;
				GCC_WARN_UNINITIALIZED_AUTOS = YES_AGGRESSIVE;
				GCC_WARN_UNUSED_FUNCTION = YES;
				GCC_WARN_UNUSED_VARIABLE = YES;
				IPHONEOS_DEPLOYMENT_TARGET = 13.0;
				MTL_ENABLE_DEBUG_INFO = NO;
				MTL_FAST_MATH = YES;
				SDKROOT = iphoneos;
				SWIFT_COMPILATION_MODE = wholemodule;
				SWIFT_OPTIMIZATION_LEVEL = "-O";
				VALIDATE_PRODUCT = YES;
			};
			name = Release;
		};
		F42956372489839300A04645 /* Debug */ = {
			isa = XCBuildConfiguration;
			buildSettings = {
				ASSETCATALOG_COMPILER_APPICON_NAME = AppIcon;
				CODE_SIGN_ENTITLEMENTS = "Geometry calculator/Geometry calculator.entitlements";
				CODE_SIGN_IDENTITY = "iPhone Distribution";
				"CODE_SIGN_IDENTITY[sdk=macosx*]" = "-";
				CODE_SIGN_STYLE = Manual;
				DEVELOPMENT_TEAM = G6V8P6TAH6;
				INFOPLIST_FILE = "Geometry calculator/Info.plist";
				IPHONEOS_DEPLOYMENT_TARGET = 13.0;
				LD_RUNPATH_SEARCH_PATHS = (
					"$(inherited)",
					"@executable_path/Frameworks",
				);
				MARKETING_VERSION = 1.2;
				PRODUCT_BUNDLE_IDENTIFIER = org.vpal.geometrycalculator;
				PRODUCT_NAME = "$(TARGET_NAME)";
				PROVISIONING_PROFILE_SPECIFIER = "Geometry Calculator App Store";
				"PROVISIONING_PROFILE_SPECIFIER[sdk=macosx*]" = "";
				SUPPORTS_MACCATALYST = YES;
				SUPPORTS_MAC_DESIGNED_FOR_IPHONE_IPAD = YES;
				SWIFT_VERSION = 5.0;
				TARGETED_DEVICE_FAMILY = "1,2";
			};
			name = Debug;
		};
		F42956382489839300A04645 /* Release */ = {
			isa = XCBuildConfiguration;
			buildSettings = {
				ASSETCATALOG_COMPILER_APPICON_NAME = AppIcon;
				CODE_SIGN_ENTITLEMENTS = "Geometry calculator/Geometry calculator.entitlements";
				CODE_SIGN_IDENTITY = "iPhone Distribution";
				"CODE_SIGN_IDENTITY[sdk=macosx*]" = "-";
				CODE_SIGN_STYLE = Manual;
				DEVELOPMENT_TEAM = G6V8P6TAH6;
				INFOPLIST_FILE = "Geometry calculator/Info.plist";
				IPHONEOS_DEPLOYMENT_TARGET = 13.0;
				LD_RUNPATH_SEARCH_PATHS = (
					"$(inherited)",
					"@executable_path/Frameworks",
				);
				MARKETING_VERSION = 1.2;
				PRODUCT_BUNDLE_IDENTIFIER = org.vpal.geometrycalculator;
				PRODUCT_NAME = "$(TARGET_NAME)";
				PROVISIONING_PROFILE_SPECIFIER = "Geometry Calculator App Store";
				"PROVISIONING_PROFILE_SPECIFIER[sdk=macosx*]" = "";
				SUPPORTS_MACCATALYST = YES;
				SUPPORTS_MAC_DESIGNED_FOR_IPHONE_IPAD = YES;
				SWIFT_VERSION = 5.0;
				TARGETED_DEVICE_FAMILY = "1,2";
			};
			name = Release;
		};
		F429563A2489839300A04645 /* Debug */ = {
			isa = XCBuildConfiguration;
			buildSettings = {
				ALWAYS_EMBED_SWIFT_STANDARD_LIBRARIES = YES;
				BUNDLE_LOADER = "$(TEST_HOST)";
				CODE_SIGN_STYLE = Automatic;
				INFOPLIST_FILE = "Geometry calculatorTests/Info.plist";
				IPHONEOS_DEPLOYMENT_TARGET = 13.5;
				LD_RUNPATH_SEARCH_PATHS = (
					"$(inherited)",
					"@executable_path/Frameworks",
					"@loader_path/Frameworks",
				);
				PRODUCT_BUNDLE_IDENTIFIER = "defualt.Geometry-calculatorTests";
				PRODUCT_NAME = "$(TARGET_NAME)";
				SWIFT_VERSION = 5.0;
				TARGETED_DEVICE_FAMILY = "1,2";
				TEST_HOST = "$(BUILT_PRODUCTS_DIR)/Geometry calculator.app/Geometry calculator";
			};
			name = Debug;
		};
		F429563B2489839300A04645 /* Release */ = {
			isa = XCBuildConfiguration;
			buildSettings = {
				ALWAYS_EMBED_SWIFT_STANDARD_LIBRARIES = YES;
				BUNDLE_LOADER = "$(TEST_HOST)";
				CODE_SIGN_STYLE = Automatic;
				INFOPLIST_FILE = "Geometry calculatorTests/Info.plist";
				IPHONEOS_DEPLOYMENT_TARGET = 13.5;
				LD_RUNPATH_SEARCH_PATHS = (
					"$(inherited)",
					"@executable_path/Frameworks",
					"@loader_path/Frameworks",
				);
				PRODUCT_BUNDLE_IDENTIFIER = "defualt.Geometry-calculatorTests";
				PRODUCT_NAME = "$(TARGET_NAME)";
				SWIFT_VERSION = 5.0;
				TARGETED_DEVICE_FAMILY = "1,2";
				TEST_HOST = "$(BUILT_PRODUCTS_DIR)/Geometry calculator.app/Geometry calculator";
			};
			name = Release;
		};
		F429563D2489839300A04645 /* Debug */ = {
			isa = XCBuildConfiguration;
			buildSettings = {
				ALWAYS_EMBED_SWIFT_STANDARD_LIBRARIES = YES;
				CODE_SIGN_STYLE = Automatic;
				INFOPLIST_FILE = "Geometry calculatorUITests/Info.plist";
				LD_RUNPATH_SEARCH_PATHS = (
					"$(inherited)",
					"@executable_path/Frameworks",
					"@loader_path/Frameworks",
				);
				PRODUCT_BUNDLE_IDENTIFIER = "defualt.Geometry-calculatorUITests";
				PRODUCT_NAME = "$(TARGET_NAME)";
				SWIFT_VERSION = 5.0;
				TARGETED_DEVICE_FAMILY = "1,2";
				TEST_TARGET_NAME = "Geometry calculator";
			};
			name = Debug;
		};
		F429563E2489839300A04645 /* Release */ = {
			isa = XCBuildConfiguration;
			buildSettings = {
				ALWAYS_EMBED_SWIFT_STANDARD_LIBRARIES = YES;
				CODE_SIGN_STYLE = Automatic;
				INFOPLIST_FILE = "Geometry calculatorUITests/Info.plist";
				LD_RUNPATH_SEARCH_PATHS = (
					"$(inherited)",
					"@executable_path/Frameworks",
					"@loader_path/Frameworks",
				);
				PRODUCT_BUNDLE_IDENTIFIER = "defualt.Geometry-calculatorUITests";
				PRODUCT_NAME = "$(TARGET_NAME)";
				SWIFT_VERSION = 5.0;
				TARGETED_DEVICE_FAMILY = "1,2";
				TEST_TARGET_NAME = "Geometry calculator";
			};
			name = Release;
		};
/* End XCBuildConfiguration section */

/* Begin XCConfigurationList section */
		F42956022489839100A04645 /* Build configuration list for PBXProject "Geometry calculator" */ = {
			isa = XCConfigurationList;
			buildConfigurations = (
				F42956342489839300A04645 /* Debug */,
				F42956352489839300A04645 /* Release */,
			);
			defaultConfigurationIsVisible = 0;
			defaultConfigurationName = Release;
		};
		F42956362489839300A04645 /* Build configuration list for PBXNativeTarget "Geometry calculator" */ = {
			isa = XCConfigurationList;
			buildConfigurations = (
				F42956372489839300A04645 /* Debug */,
				F42956382489839300A04645 /* Release */,
			);
			defaultConfigurationIsVisible = 0;
			defaultConfigurationName = Release;
		};
		F42956392489839300A04645 /* Build configuration list for PBXNativeTarget "Geometry calculatorTests" */ = {
			isa = XCConfigurationList;
			buildConfigurations = (
				F429563A2489839300A04645 /* Debug */,
				F429563B2489839300A04645 /* Release */,
			);
			defaultConfigurationIsVisible = 0;
			defaultConfigurationName = Release;
		};
		F429563C2489839300A04645 /* Build configuration list for PBXNativeTarget "Geometry calculatorUITests" */ = {
			isa = XCConfigurationList;
			buildConfigurations = (
				F429563D2489839300A04645 /* Debug */,
				F429563E2489839300A04645 /* Release */,
			);
			defaultConfigurationIsVisible = 0;
			defaultConfigurationName = Release;
		};
/* End XCConfigurationList section */

/* Begin XCVersionGroup section */
		F42956152489839100A04645 /* Geometry_calculator.xcdatamodeld */ = {
			isa = XCVersionGroup;
			children = (
				F42956162489839100A04645 /* Geometry_calculator.xcdatamodel */,
			);
			currentVersion = F42956162489839100A04645 /* Geometry_calculator.xcdatamodel */;
			path = Geometry_calculator.xcdatamodeld;
			sourceTree = "<group>";
			versionGroupType = wrapper.xcdatamodel;
		};
/* End XCVersionGroup section */
	};
	rootObject = F42955FF2489839100A04645 /* Project object */;
}
